
Microsoft Visual Studio Solution File, Format Version 10.00
# Visual Studio 2008
Project("{8BC9CEB8-8B4A-11D0-8D11-00A0C91BC942}") = "Train.win32", "Train\Train.win32.vcproj", "{B8EB06AD-A78A-40F4-BB92-B80DF625AB03}"
EndProject
Global
	GlobalSection(SolutionConfigurationPlatforms) = preSolution
		Debug|Win32 = Debug|Win32
		Release|Win32 = Release|Win32
	EndGlobalSection
	GlobalSection(ProjectConfigurationPlatforms) = postSolution
		{B8EB06AD-A78A-40F4-BB92-B80DF625AB03}.Debug|Win32.ActiveCfg = Debug|Win32
		{B8EB06AD-A78A-40F4-BB92-B80DF625AB03}.Debug|Win32.Build.0 = Debug|Win32
		{B8EB06AD-A78A-40F4-BB92-B80DF625AB03}.Release|Win32.ActiveCfg = Release|Win32
		{B8EB06AD-A78A-40F4-BB92-B80DF625AB03}.Release|Win32.Build.0 = Release|Win32
	EndGlobalSection
	GlobalSection(SolutionProperties) = preSolution
		HideSolutionNode = FALSE
	EndGlobalSection
EndGlobal
